
Microsoft Visual Studio Solution File, Format Version 12.00
# Visual Studio Version 16
VisualStudioVersion = 16.0.30002.166
MinimumVisualStudioVersion = 10.0.40219.1
Project("{8BC9CEB8-8B4A-11D0-8D11-00A0C91BC942}") = "MFCMemo", "MFCMemo\MFCMemo.vcxproj", "{DD7904D5-DB64-4784-8F8A-21E72CE8C085}"
EndProject
Global
	GlobalSection(SolutionConfigurationPlatforms) = preSolution
		Debug|x64 = Debug|x64
		Debug|x86 = Debug|x86
		Release|x64 = Release|x64
		Release|x86 = Release|x86
	EndGlobalSection
	GlobalSection(ProjectConfigurationPlatforms) = postSolution
		{DD7904D5-DB64-4784-8F8A-21E72CE8C085}.Debug|x64.ActiveCfg = Debug|x64
		{DD7904D5-DB64-4784-8F8A-21E72CE8C085}.Debug|x64.Build.0 = Debug|x64
		{DD7904D5-DB64-4784-8F8A-21E72CE8C085}.Debug|x86.ActiveCfg = Debug|Win32
		{DD7904D5-DB64-4784-8F8A-21E72CE8C085}.Debug|x86.Build.0 = Debug|Win32
		{DD7904D5-DB64-4784-8F8A-21E72CE8C085}.Release|x64.ActiveCfg = Release|x64
		{DD7904D5-DB64-4784-8F8A-21E72CE8C085}.Release|x64.Build.0 = Release|x64
		{DD7904D5-DB64-4784-8F8A-21E72CE8C085}.Release|x86.ActiveCfg = Release|Win32
		{DD7904D5-DB64-4784-8F8A-21E72CE8C085}.Release|x86.Build.0 = Release|Win32
	EndGlobalSection
	GlobalSection(SolutionProperties) = preSolution
		HideSolutionNode = FALSE
	EndGlobalSection
	GlobalSection(ExtensibilityGlobals) = postSolution
		SolutionGuid = {727FFDF7-5B7B-4412-9D95-82D3C384FCC7}
	EndGlobalSection
EndGlobal
